// !$*UTF8*$!
{
	archiveVersion = 1;
	classes = {
	};
	objectVersion = 55;
	objects = {

/* Begin PBXBuildFile section */
		18F6DDC03021FBEC11323B1D /* Pods_repository.framework in Frameworks */ = {isa = PBXBuildFile; fileRef = C6E8BDAE531D391BF5A999AF /* Pods_repository.framework */; };
		42AE9F4B4533DFA959617806 /* Pods_repositoryTests.framework in Frameworks */ = {isa = PBXBuildFile; fileRef = 06A0E4894188707785C5FE43 /* Pods_repositoryTests.framework */; };
		9999BC3F27255CB400FC938C /* AppDelegate.swift in Sources */ = {isa = PBXBuildFile; fileRef = 9999BC3E27255CB400FC938C /* AppDelegate.swift */; };
		9999BC4127255CB400FC938C /* SceneDelegate.swift in Sources */ = {isa = PBXBuildFile; fileRef = 9999BC4027255CB400FC938C /* SceneDelegate.swift */; };
		9999BC4327255CB400FC938C /* ViewController.swift in Sources */ = {isa = PBXBuildFile; fileRef = 9999BC4227255CB400FC938C /* ViewController.swift */; };
		9999BC4627255CB400FC938C /* Main.storyboard in Resources */ = {isa = PBXBuildFile; fileRef = 9999BC4427255CB400FC938C /* Main.storyboard */; };
		9999BC4827255CBA00FC938C /* Assets.xcassets in Resources */ = {isa = PBXBuildFile; fileRef = 9999BC4727255CBA00FC938C /* Assets.xcassets */; };
		9999BC4B27255CBA00FC938C /* LaunchScreen.storyboard in Resources */ = {isa = PBXBuildFile; fileRef = 9999BC4927255CBA00FC938C /* LaunchScreen.storyboard */; };
		9999BC5627255CBA00FC938C /* repositoryTests.swift in Sources */ = {isa = PBXBuildFile; fileRef = 9999BC5527255CBA00FC938C /* repositoryTests.swift */; };
		9999BC6027255CBA00FC938C /* repositoryUITests.swift in Sources */ = {isa = PBXBuildFile; fileRef = 9999BC5F27255CBA00FC938C /* repositoryUITests.swift */; };
		9999BC6227255CBA00FC938C /* repositoryUITestsLaunchTests.swift in Sources */ = {isa = PBXBuildFile; fileRef = 9999BC6127255CBA00FC938C /* repositoryUITestsLaunchTests.swift */; };
		9999BC772725605600FC938C /* PKRepository.swift in Sources */ = {isa = PBXBuildFile; fileRef = 9999BC762725605600FC938C /* PKRepository.swift */; };
		9999BC79272560B500FC938C /* PKRepositoryResponse.swift in Sources */ = {isa = PBXBuildFile; fileRef = 9999BC78272560B500FC938C /* PKRepositoryResponse.swift */; };
		9999BC7B2725619800FC938C /* PKCoordinator.swift in Sources */ = {isa = PBXBuildFile; fileRef = 9999BC7A2725619800FC938C /* PKCoordinator.swift */; };
		9999BC7D272561BF00FC938C /* AppCoordinator.swift in Sources */ = {isa = PBXBuildFile; fileRef = 9999BC7C272561BF00FC938C /* AppCoordinator.swift */; };
		9999BC7F2725664600FC938C /* PKNetworkService.swift in Sources */ = {isa = PBXBuildFile; fileRef = 9999BC7E2725664600FC938C /* PKNetworkService.swift */; };
		9999BC82272566C400FC938C /* PKNetworkError.swift in Sources */ = {isa = PBXBuildFile; fileRef = 9999BC81272566C400FC938C /* PKNetworkError.swift */; };
		9999BC842725671800FC938C /* PKNetworkServiceConstants.swift in Sources */ = {isa = PBXBuildFile; fileRef = 9999BC832725671800FC938C /* PKNetworkServiceConstants.swift */; };
		9999BC862725681B00FC938C /* RepositoryService.swift in Sources */ = {isa = PBXBuildFile; fileRef = 9999BC852725681B00FC938C /* RepositoryService.swift */; };
		9999BC8C27256A8D00FC938C /* PKRepositoryServiceEndPoints.swift in Sources */ = {isa = PBXBuildFile; fileRef = 9999BC8B27256A8D00FC938C /* PKRepositoryServiceEndPoints.swift */; };
		9999BCC62725772800FC938C /* VIewController+Extensions.swift in Sources */ = {isa = PBXBuildFile; fileRef = 9999BCC52725772800FC938C /* VIewController+Extensions.swift */; };
		9999BCC92725779100FC938C /* PKRepositoryListProtocols.swift in Sources */ = {isa = PBXBuildFile; fileRef = 9999BCC82725779100FC938C /* PKRepositoryListProtocols.swift */; };
		9999BCCB2725784400FC938C /* PKRepositoryViewData.swift in Sources */ = {isa = PBXBuildFile; fileRef = 9999BCCA2725784400FC938C /* PKRepositoryViewData.swift */; };
		9999BCCD272578AE00FC938C /* PKRepositoryListCoordinator.swift in Sources */ = {isa = PBXBuildFile; fileRef = 9999BCCC272578AE00FC938C /* PKRepositoryListCoordinator.swift */; };
		9999BCCF27257AB400FC938C /* PKRepositoryListViewModel.swift in Sources */ = {isa = PBXBuildFile; fileRef = 9999BCCE27257AB400FC938C /* PKRepositoryListViewModel.swift */; };
		9999BCD227257C6800FC938C /* PKRepositoryListViewController.swift in Sources */ = {isa = PBXBuildFile; fileRef = 9999BCD027257C6800FC938C /* PKRepositoryListViewController.swift */; };
		9999BCD327257C6800FC938C /* PKRepositoryListViewController.xib in Resources */ = {isa = PBXBuildFile; fileRef = 9999BCD127257C6800FC938C /* PKRepositoryListViewController.xib */; };
		FDA3068A8FC1EF6DD8C487C3 /* Pods_repository_repositoryUITests.framework in Frameworks */ = {isa = PBXBuildFile; fileRef = A00C57E65B1DE9DFAF4B10C3 /* Pods_repository_repositoryUITests.framework */; };
/* End PBXBuildFile section */

/* Begin PBXContainerItemProxy section */
		9999BC5227255CBA00FC938C /* PBXContainerItemProxy */ = {
			isa = PBXContainerItemProxy;
			containerPortal = 9999BC3327255CB400FC938C /* Project object */;
			proxyType = 1;
			remoteGlobalIDString = 9999BC3A27255CB400FC938C;
			remoteInfo = repository;
		};
		9999BC5C27255CBA00FC938C /* PBXContainerItemProxy */ = {
			isa = PBXContainerItemProxy;
			containerPortal = 9999BC3327255CB400FC938C /* Project object */;
			proxyType = 1;
			remoteGlobalIDString = 9999BC3A27255CB400FC938C;
			remoteInfo = repository;
		};
/* End PBXContainerItemProxy section */

/* Begin PBXFileReference section */
		06A0E4894188707785C5FE43 /* Pods_repositoryTests.framework */ = {isa = PBXFileReference; explicitFileType = wrapper.framework; includeInIndex = 0; path = Pods_repositoryTests.framework; sourceTree = BUILT_PRODUCTS_DIR; };
		6CDFC96BEF1F7C1A64E14C3C /* Pods-repository.release.xcconfig */ = {isa = PBXFileReference; includeInIndex = 1; lastKnownFileType = text.xcconfig; name = "Pods-repository.release.xcconfig"; path = "Target Support Files/Pods-repository/Pods-repository.release.xcconfig"; sourceTree = "<group>"; };
		87237C26FCB30446A60E7D87 /* Pods-repositoryTests.release.xcconfig */ = {isa = PBXFileReference; includeInIndex = 1; lastKnownFileType = text.xcconfig; name = "Pods-repositoryTests.release.xcconfig"; path = "Target Support Files/Pods-repositoryTests/Pods-repositoryTests.release.xcconfig"; sourceTree = "<group>"; };
		9999BC3B27255CB400FC938C /* repository.app */ = {isa = PBXFileReference; explicitFileType = wrapper.application; includeInIndex = 0; path = repository.app; sourceTree = BUILT_PRODUCTS_DIR; };
		9999BC3E27255CB400FC938C /* AppDelegate.swift */ = {isa = PBXFileReference; lastKnownFileType = sourcecode.swift; path = AppDelegate.swift; sourceTree = "<group>"; };
		9999BC4027255CB400FC938C /* SceneDelegate.swift */ = {isa = PBXFileReference; lastKnownFileType = sourcecode.swift; path = SceneDelegate.swift; sourceTree = "<group>"; };
		9999BC4227255CB400FC938C /* ViewController.swift */ = {isa = PBXFileReference; lastKnownFileType = sourcecode.swift; path = ViewController.swift; sourceTree = "<group>"; };
		9999BC4527255CB400FC938C /* Base */ = {isa = PBXFileReference; lastKnownFileType = file.storyboard; name = Base; path = Base.lproj/Main.storyboard; sourceTree = "<group>"; };
		9999BC4727255CBA00FC938C /* Assets.xcassets */ = {isa = PBXFileReference; lastKnownFileType = folder.assetcatalog; path = Assets.xcassets; sourceTree = "<group>"; };
		9999BC4A27255CBA00FC938C /* Base */ = {isa = PBXFileReference; lastKnownFileType = file.storyboard; name = Base; path = Base.lproj/LaunchScreen.storyboard; sourceTree = "<group>"; };
		9999BC4C27255CBA00FC938C /* Info.plist */ = {isa = PBXFileReference; lastKnownFileType = text.plist.xml; path = Info.plist; sourceTree = "<group>"; };
		9999BC5127255CBA00FC938C /* repositoryTests.xctest */ = {isa = PBXFileReference; explicitFileType = wrapper.cfbundle; includeInIndex = 0; path = repositoryTests.xctest; sourceTree = BUILT_PRODUCTS_DIR; };
		9999BC5527255CBA00FC938C /* repositoryTests.swift */ = {isa = PBXFileReference; lastKnownFileType = sourcecode.swift; path = repositoryTests.swift; sourceTree = "<group>"; };
		9999BC5B27255CBA00FC938C /* repositoryUITests.xctest */ = {isa = PBXFileReference; explicitFileType = wrapper.cfbundle; includeInIndex = 0; path = repositoryUITests.xctest; sourceTree = BUILT_PRODUCTS_DIR; };
		9999BC5F27255CBA00FC938C /* repositoryUITests.swift */ = {isa = PBXFileReference; lastKnownFileType = sourcecode.swift; path = repositoryUITests.swift; sourceTree = "<group>"; };
		9999BC6127255CBA00FC938C /* repositoryUITestsLaunchTests.swift */ = {isa = PBXFileReference; lastKnownFileType = sourcecode.swift; path = repositoryUITestsLaunchTests.swift; sourceTree = "<group>"; };
		9999BC762725605600FC938C /* PKRepository.swift */ = {isa = PBXFileReference; lastKnownFileType = sourcecode.swift; path = PKRepository.swift; sourceTree = "<group>"; };
		9999BC78272560B500FC938C /* PKRepositoryResponse.swift */ = {isa = PBXFileReference; lastKnownFileType = sourcecode.swift; path = PKRepositoryResponse.swift; sourceTree = "<group>"; };
		9999BC7A2725619800FC938C /* PKCoordinator.swift */ = {isa = PBXFileReference; lastKnownFileType = sourcecode.swift; path = PKCoordinator.swift; sourceTree = "<group>"; };
		9999BC7C272561BF00FC938C /* AppCoordinator.swift */ = {isa = PBXFileReference; lastKnownFileType = sourcecode.swift; path = AppCoordinator.swift; sourceTree = "<group>"; };
		9999BC7E2725664600FC938C /* PKNetworkService.swift */ = {isa = PBXFileReference; lastKnownFileType = sourcecode.swift; path = PKNetworkService.swift; sourceTree = "<group>"; };
		9999BC81272566C400FC938C /* PKNetworkError.swift */ = {isa = PBXFileReference; lastKnownFileType = sourcecode.swift; path = PKNetworkError.swift; sourceTree = "<group>"; };
		9999BC832725671800FC938C /* PKNetworkServiceConstants.swift */ = {isa = PBXFileReference; lastKnownFileType = sourcecode.swift; path = PKNetworkServiceConstants.swift; sourceTree = "<group>"; };
		9999BC852725681B00FC938C /* RepositoryService.swift */ = {isa = PBXFileReference; lastKnownFileType = sourcecode.swift; path = RepositoryService.swift; sourceTree = "<group>"; };
		9999BC8B27256A8D00FC938C /* PKRepositoryServiceEndPoints.swift */ = {isa = PBXFileReference; lastKnownFileType = sourcecode.swift; path = PKRepositoryServiceEndPoints.swift; sourceTree = "<group>"; };
		9999BCC52725772800FC938C /* VIewController+Extensions.swift */ = {isa = PBXFileReference; lastKnownFileType = sourcecode.swift; path = "VIewController+Extensions.swift"; sourceTree = "<group>"; };
		9999BCC82725779100FC938C /* PKRepositoryListProtocols.swift */ = {isa = PBXFileReference; lastKnownFileType = sourcecode.swift; path = PKRepositoryListProtocols.swift; sourceTree = "<group>"; };
		9999BCCA2725784400FC938C /* PKRepositoryViewData.swift */ = {isa = PBXFileReference; lastKnownFileType = sourcecode.swift; path = PKRepositoryViewData.swift; sourceTree = "<group>"; };
		9999BCCC272578AE00FC938C /* PKRepositoryListCoordinator.swift */ = {isa = PBXFileReference; lastKnownFileType = sourcecode.swift; path = PKRepositoryListCoordinator.swift; sourceTree = "<group>"; };
		9999BCCE27257AB400FC938C /* PKRepositoryListViewModel.swift */ = {isa = PBXFileReference; lastKnownFileType = sourcecode.swift; path = PKRepositoryListViewModel.swift; sourceTree = "<group>"; };
		9999BCD027257C6800FC938C /* PKRepositoryListViewController.swift */ = {isa = PBXFileReference; lastKnownFileType = sourcecode.swift; path = PKRepositoryListViewController.swift; sourceTree = "<group>"; };
		9999BCD127257C6800FC938C /* PKRepositoryListViewController.xib */ = {isa = PBXFileReference; lastKnownFileType = file.xib; path = PKRepositoryListViewController.xib; sourceTree = "<group>"; };
		A00C57E65B1DE9DFAF4B10C3 /* Pods_repository_repositoryUITests.framework */ = {isa = PBXFileReference; explicitFileType = wrapper.framework; includeInIndex = 0; path = Pods_repository_repositoryUITests.framework; sourceTree = BUILT_PRODUCTS_DIR; };
		BED531B22BC689E6C48DDE60 /* Pods-repository-repositoryUITests.debug.xcconfig */ = {isa = PBXFileReference; includeInIndex = 1; lastKnownFileType = text.xcconfig; name = "Pods-repository-repositoryUITests.debug.xcconfig"; path = "Target Support Files/Pods-repository-repositoryUITests/Pods-repository-repositoryUITests.debug.xcconfig"; sourceTree = "<group>"; };
		C0419D9F7DE14E83963F10D3 /* Pods-repository.debug.xcconfig */ = {isa = PBXFileReference; includeInIndex = 1; lastKnownFileType = text.xcconfig; name = "Pods-repository.debug.xcconfig"; path = "Target Support Files/Pods-repository/Pods-repository.debug.xcconfig"; sourceTree = "<group>"; };
		C6E8BDAE531D391BF5A999AF /* Pods_repository.framework */ = {isa = PBXFileReference; explicitFileType = wrapper.framework; includeInIndex = 0; path = Pods_repository.framework; sourceTree = BUILT_PRODUCTS_DIR; };
		CCFAD3F33DB5874BD9EAC845 /* Pods-repository-repositoryUITests.release.xcconfig */ = {isa = PBXFileReference; includeInIndex = 1; lastKnownFileType = text.xcconfig; name = "Pods-repository-repositoryUITests.release.xcconfig"; path = "Target Support Files/Pods-repository-repositoryUITests/Pods-repository-repositoryUITests.release.xcconfig"; sourceTree = "<group>"; };
		CD88B867EB7B17B9AC9813AF /* Pods-repositoryTests.debug.xcconfig */ = {isa = PBXFileReference; includeInIndex = 1; lastKnownFileType = text.xcconfig; name = "Pods-repositoryTests.debug.xcconfig"; path = "Target Support Files/Pods-repositoryTests/Pods-repositoryTests.debug.xcconfig"; sourceTree = "<group>"; };
/* End PBXFileReference section */

/* Begin PBXFrameworksBuildPhase section */
		9999BC3827255CB400FC938C /* Frameworks */ = {
			isa = PBXFrameworksBuildPhase;
			buildActionMask = 2147483647;
			files = (
				18F6DDC03021FBEC11323B1D /* Pods_repository.framework in Frameworks */,
			);
			runOnlyForDeploymentPostprocessing = 0;
		};
		9999BC4E27255CBA00FC938C /* Frameworks */ = {
			isa = PBXFrameworksBuildPhase;
			buildActionMask = 2147483647;
			files = (
				42AE9F4B4533DFA959617806 /* Pods_repositoryTests.framework in Frameworks */,
			);
			runOnlyForDeploymentPostprocessing = 0;
		};
		9999BC5827255CBA00FC938C /* Frameworks */ = {
			isa = PBXFrameworksBuildPhase;
			buildActionMask = 2147483647;
			files = (
				FDA3068A8FC1EF6DD8C487C3 /* Pods_repository_repositoryUITests.framework in Frameworks */,
			);
			runOnlyForDeploymentPostprocessing = 0;
		};
/* End PBXFrameworksBuildPhase section */

/* Begin PBXGroup section */
		9999BC3227255CB400FC938C = {
			isa = PBXGroup;
			children = (
				9999BC3D27255CB400FC938C /* repository */,
				9999BC5427255CBA00FC938C /* repositoryTests */,
				9999BC5E27255CBA00FC938C /* repositoryUITests */,
				9999BC3C27255CB400FC938C /* Products */,
				CB56A37E1620304044A96377 /* Pods */,
				FBF69B17D8A83AC7D0B5BD47 /* Frameworks */,
			);
			sourceTree = "<group>";
		};
		9999BC3C27255CB400FC938C /* Products */ = {
			isa = PBXGroup;
			children = (
				9999BC3B27255CB400FC938C /* repository.app */,
				9999BC5127255CBA00FC938C /* repositoryTests.xctest */,
				9999BC5B27255CBA00FC938C /* repositoryUITests.xctest */,
			);
			name = Products;
			sourceTree = "<group>";
		};
		9999BC3D27255CB400FC938C /* repository */ = {
			isa = PBXGroup;
			children = (
				9999BC7427255FF600FC938C /* Scenes */,
				9999BC7527255FFF00FC938C /* Shared */,
				9999BC7127255FCF00FC938C /* Domains */,
				9999BC6E27255F9E00FC938C /* Services */,
				9999BCC4272576E000FC938C /* Extensions */,
				9999BC3E27255CB400FC938C /* AppDelegate.swift */,
				9999BC4027255CB400FC938C /* SceneDelegate.swift */,
				9999BC4227255CB400FC938C /* ViewController.swift */,
				9999BC4427255CB400FC938C /* Main.storyboard */,
				9999BC4727255CBA00FC938C /* Assets.xcassets */,
				9999BC4927255CBA00FC938C /* LaunchScreen.storyboard */,
				9999BC4C27255CBA00FC938C /* Info.plist */,
				9999BC7C272561BF00FC938C /* AppCoordinator.swift */,
			);
			path = repository;
			sourceTree = "<group>";
		};
		9999BC5427255CBA00FC938C /* repositoryTests */ = {
			isa = PBXGroup;
			children = (
				9999BC5527255CBA00FC938C /* repositoryTests.swift */,
			);
			path = repositoryTests;
			sourceTree = "<group>";
		};
		9999BC5E27255CBA00FC938C /* repositoryUITests */ = {
			isa = PBXGroup;
			children = (
				9999BC5F27255CBA00FC938C /* repositoryUITests.swift */,
				9999BC6127255CBA00FC938C /* repositoryUITestsLaunchTests.swift */,
			);
			path = repositoryUITests;
			sourceTree = "<group>";
		};
		9999BC6E27255F9E00FC938C /* Services */ = {
			isa = PBXGroup;
			children = (
				9999BC8A27256A7400FC938C /* EndPoints */,
				9999BC80272566B300FC938C /* Errors */,
				9999BC7027255FBB00FC938C /* NetworkServices */,
				9999BC6F27255FAA00FC938C /* WebServices */,
				9999BC832725671800FC938C /* PKNetworkServiceConstants.swift */,
			);
			path = Services;
			sourceTree = "<group>";
		};
		9999BC6F27255FAA00FC938C /* WebServices */ = {
			isa = PBXGroup;
			children = (
				9999BC852725681B00FC938C /* RepositoryService.swift */,
			);
			path = WebServices;
			sourceTree = "<group>";
		};
		9999BC7027255FBB00FC938C /* NetworkServices */ = {
			isa = PBXGroup;
			children = (
				9999BC7E2725664600FC938C /* PKNetworkService.swift */,
			);
			path = NetworkServices;
			sourceTree = "<group>";
		};
		9999BC7127255FCF00FC938C /* Domains */ = {
			isa = PBXGroup;
			children = (
				9999BC7327255FE200FC938C /* Models */,
				9999BC7227255FD800FC938C /* Response */,
			);
			path = Domains;
			sourceTree = "<group>";
		};
		9999BC7227255FD800FC938C /* Response */ = {
			isa = PBXGroup;
			children = (
				9999BC78272560B500FC938C /* PKRepositoryResponse.swift */,
			);
			path = Response;
			sourceTree = "<group>";
		};
		9999BC7327255FE200FC938C /* Models */ = {
			isa = PBXGroup;
			children = (
				9999BC762725605600FC938C /* PKRepository.swift */,
			);
			path = Models;
			sourceTree = "<group>";
		};
		9999BC7427255FF600FC938C /* Scenes */ = {
			isa = PBXGroup;
			children = (
				9999BCC72725775100FC938C /* RepositoryList */,
			);
			path = Scenes;
			sourceTree = "<group>";
		};
		9999BC7527255FFF00FC938C /* Shared */ = {
			isa = PBXGroup;
			children = (
				9999BC7A2725619800FC938C /* PKCoordinator.swift */,
			);
			path = Shared;
			sourceTree = "<group>";
		};
		9999BC80272566B300FC938C /* Errors */ = {
			isa = PBXGroup;
			children = (
				9999BC81272566C400FC938C /* PKNetworkError.swift */,
			);
			path = Errors;
			sourceTree = "<group>";
		};
		9999BC8A27256A7400FC938C /* EndPoints */ = {
			isa = PBXGroup;
			children = (
				9999BC8B27256A8D00FC938C /* PKRepositoryServiceEndPoints.swift */,
			);
			path = EndPoints;
			sourceTree = "<group>";
		};
		9999BCC4272576E000FC938C /* Extensions */ = {
			isa = PBXGroup;
			children = (
				9999BCC52725772800FC938C /* VIewController+Extensions.swift */,
			);
			path = Extensions;
			sourceTree = "<group>";
		};
		9999BCC72725775100FC938C /* RepositoryList */ = {
			isa = PBXGroup;
			children = (
				9999BCC82725779100FC938C /* PKRepositoryListProtocols.swift */,
				9999BCCA2725784400FC938C /* PKRepositoryViewData.swift */,
				9999BCCC272578AE00FC938C /* PKRepositoryListCoordinator.swift */,
				9999BCCE27257AB400FC938C /* PKRepositoryListViewModel.swift */,
				9999BCD027257C6800FC938C /* PKRepositoryListViewController.swift */,
				9999BCD127257C6800FC938C /* PKRepositoryListViewController.xib */,
			);
			path = RepositoryList;
			sourceTree = "<group>";
		};
		CB56A37E1620304044A96377 /* Pods */ = {
			isa = PBXGroup;
			children = (
				C0419D9F7DE14E83963F10D3 /* Pods-repository.debug.xcconfig */,
				6CDFC96BEF1F7C1A64E14C3C /* Pods-repository.release.xcconfig */,
				BED531B22BC689E6C48DDE60 /* Pods-repository-repositoryUITests.debug.xcconfig */,
				CCFAD3F33DB5874BD9EAC845 /* Pods-repository-repositoryUITests.release.xcconfig */,
				CD88B867EB7B17B9AC9813AF /* Pods-repositoryTests.debug.xcconfig */,
				87237C26FCB30446A60E7D87 /* Pods-repositoryTests.release.xcconfig */,
			);
			path = Pods;
			sourceTree = "<group>";
		};
		FBF69B17D8A83AC7D0B5BD47 /* Frameworks */ = {
			isa = PBXGroup;
			children = (
				C6E8BDAE531D391BF5A999AF /* Pods_repository.framework */,
				A00C57E65B1DE9DFAF4B10C3 /* Pods_repository_repositoryUITests.framework */,
				06A0E4894188707785C5FE43 /* Pods_repositoryTests.framework */,
			);
			name = Frameworks;
			sourceTree = "<group>";
		};
/* End PBXGroup section */

/* Begin PBXNativeTarget section */
		9999BC3A27255CB400FC938C /* repository */ = {
			isa = PBXNativeTarget;
			buildConfigurationList = 9999BC6527255CBA00FC938C /* Build configuration list for PBXNativeTarget "repository" */;
			buildPhases = (
				AE64CD4B07246005E7651D78 /* [CP] Check Pods Manifest.lock */,
				9999BC3727255CB400FC938C /* Sources */,
				9999BC3827255CB400FC938C /* Frameworks */,
				9999BC3927255CB400FC938C /* Resources */,
				58C64C72AF1A5E69C1B2A791 /* [CP] Embed Pods Frameworks */,
			);
			buildRules = (
			);
			dependencies = (
			);
			name = repository;
			productName = repository;
			productReference = 9999BC3B27255CB400FC938C /* repository.app */;
			productType = "com.apple.product-type.application";
		};
		9999BC5027255CBA00FC938C /* repositoryTests */ = {
			isa = PBXNativeTarget;
			buildConfigurationList = 9999BC6827255CBA00FC938C /* Build configuration list for PBXNativeTarget "repositoryTests" */;
			buildPhases = (
				E959FDCA7F83B605D74128BC /* [CP] Check Pods Manifest.lock */,
				9999BC4D27255CBA00FC938C /* Sources */,
				9999BC4E27255CBA00FC938C /* Frameworks */,
				9999BC4F27255CBA00FC938C /* Resources */,
			);
			buildRules = (
			);
			dependencies = (
				9999BC5327255CBA00FC938C /* PBXTargetDependency */,
			);
			name = repositoryTests;
			productName = repositoryTests;
			productReference = 9999BC5127255CBA00FC938C /* repositoryTests.xctest */;
			productType = "com.apple.product-type.bundle.unit-test";
		};
		9999BC5A27255CBA00FC938C /* repositoryUITests */ = {
			isa = PBXNativeTarget;
			buildConfigurationList = 9999BC6B27255CBA00FC938C /* Build configuration list for PBXNativeTarget "repositoryUITests" */;
			buildPhases = (
				B58F3819BC379555C68209F7 /* [CP] Check Pods Manifest.lock */,
				9999BC5727255CBA00FC938C /* Sources */,
				9999BC5827255CBA00FC938C /* Frameworks */,
				9999BC5927255CBA00FC938C /* Resources */,
				C6171822EBED70B9E5803A46 /* [CP] Embed Pods Frameworks */,
			);
			buildRules = (
			);
			dependencies = (
				9999BC5D27255CBA00FC938C /* PBXTargetDependency */,
			);
			name = repositoryUITests;
			productName = repositoryUITests;
			productReference = 9999BC5B27255CBA00FC938C /* repositoryUITests.xctest */;
			productType = "com.apple.product-type.bundle.ui-testing";
		};
/* End PBXNativeTarget section */

/* Begin PBXProject section */
		9999BC3327255CB400FC938C /* Project object */ = {
			isa = PBXProject;
			attributes = {
				BuildIndependentTargetsInParallel = 1;
				LastSwiftUpdateCheck = 1300;
				LastUpgradeCheck = 1300;
				TargetAttributes = {
					9999BC3A27255CB400FC938C = {
						CreatedOnToolsVersion = 13.0;
					};
					9999BC5027255CBA00FC938C = {
						CreatedOnToolsVersion = 13.0;
						TestTargetID = 9999BC3A27255CB400FC938C;
					};
					9999BC5A27255CBA00FC938C = {
						CreatedOnToolsVersion = 13.0;
						TestTargetID = 9999BC3A27255CB400FC938C;
					};
				};
			};
			buildConfigurationList = 9999BC3627255CB400FC938C /* Build configuration list for PBXProject "repository" */;
			compatibilityVersion = "Xcode 13.0";
			developmentRegion = en;
			hasScannedForEncodings = 0;
			knownRegions = (
				en,
				Base,
			);
			mainGroup = 9999BC3227255CB400FC938C;
			productRefGroup = 9999BC3C27255CB400FC938C /* Products */;
			projectDirPath = "";
			projectRoot = "";
			targets = (
				9999BC3A27255CB400FC938C /* repository */,
				9999BC5027255CBA00FC938C /* repositoryTests */,
				9999BC5A27255CBA00FC938C /* repositoryUITests */,
			);
		};
/* End PBXProject section */

/* Begin PBXResourcesBuildPhase section */
		9999BC3927255CB400FC938C /* Resources */ = {
			isa = PBXResourcesBuildPhase;
			buildActionMask = 2147483647;
			files = (
				9999BC4B27255CBA00FC938C /* LaunchScreen.storyboard in Resources */,
				9999BCD327257C6800FC938C /* PKRepositoryListViewController.xib in Resources */,
				9999BC4827255CBA00FC938C /* Assets.xcassets in Resources */,
				9999BC4627255CB400FC938C /* Main.storyboard in Resources */,
			);
			runOnlyForDeploymentPostprocessing = 0;
		};
		9999BC4F27255CBA00FC938C /* Resources */ = {
			isa = PBXResourcesBuildPhase;
			buildActionMask = 2147483647;
			files = (
			);
			runOnlyForDeploymentPostprocessing = 0;
		};
		9999BC5927255CBA00FC938C /* Resources */ = {
			isa = PBXResourcesBuildPhase;
			buildActionMask = 2147483647;
			files = (
			);
			runOnlyForDeploymentPostprocessing = 0;
		};
/* End PBXResourcesBuildPhase section */

/* Begin PBXShellScriptBuildPhase section */
		58C64C72AF1A5E69C1B2A791 /* [CP] Embed Pods Frameworks */ = {
			isa = PBXShellScriptBuildPhase;
			buildActionMask = 2147483647;
			files = (
			);
			inputFileListPaths = (
				"${PODS_ROOT}/Target Support Files/Pods-repository/Pods-repository-frameworks-${CONFIGURATION}-input-files.xcfilelist",
			);
			name = "[CP] Embed Pods Frameworks";
			outputFileListPaths = (
				"${PODS_ROOT}/Target Support Files/Pods-repository/Pods-repository-frameworks-${CONFIGURATION}-output-files.xcfilelist",
			);
			runOnlyForDeploymentPostprocessing = 0;
			shellPath = /bin/sh;
			shellScript = "\"${PODS_ROOT}/Target Support Files/Pods-repository/Pods-repository-frameworks.sh\"\n";
			showEnvVarsInLog = 0;
		};
		AE64CD4B07246005E7651D78 /* [CP] Check Pods Manifest.lock */ = {
			isa = PBXShellScriptBuildPhase;
			buildActionMask = 2147483647;
			files = (
			);
			inputFileListPaths = (
			);
			inputPaths = (
				"${PODS_PODFILE_DIR_PATH}/Podfile.lock",
				"${PODS_ROOT}/Manifest.lock",
			);
			name = "[CP] Check Pods Manifest.lock";
			outputFileListPaths = (
			);
			outputPaths = (
				"$(DERIVED_FILE_DIR)/Pods-repository-checkManifestLockResult.txt",
			);
			runOnlyForDeploymentPostprocessing = 0;
			shellPath = /bin/sh;
			shellScript = "diff \"${PODS_PODFILE_DIR_PATH}/Podfile.lock\" \"${PODS_ROOT}/Manifest.lock\" > /dev/null\nif [ $? != 0 ] ; then\n    # print error to STDERR\n    echo \"error: The sandbox is not in sync with the Podfile.lock. Run 'pod install' or update your CocoaPods installation.\" >&2\n    exit 1\nfi\n# This output is used by Xcode 'outputs' to avoid re-running this script phase.\necho \"SUCCESS\" > \"${SCRIPT_OUTPUT_FILE_0}\"\n";
			showEnvVarsInLog = 0;
		};
		B58F3819BC379555C68209F7 /* [CP] Check Pods Manifest.lock */ = {
			isa = PBXShellScriptBuildPhase;
			buildActionMask = 2147483647;
			files = (
			);
			inputFileListPaths = (
			);
			inputPaths = (
				"${PODS_PODFILE_DIR_PATH}/Podfile.lock",
				"${PODS_ROOT}/Manifest.lock",
			);
			name = "[CP] Check Pods Manifest.lock";
			outputFileListPaths = (
			);
			outputPaths = (
				"$(DERIVED_FILE_DIR)/Pods-repository-repositoryUITests-checkManifestLockResult.txt",
			);
			runOnlyForDeploymentPostprocessing = 0;
			shellPath = /bin/sh;
			shellScript = "diff \"${PODS_PODFILE_DIR_PATH}/Podfile.lock\" \"${PODS_ROOT}/Manifest.lock\" > /dev/null\nif [ $? != 0 ] ; then\n    # print error to STDERR\n    echo \"error: The sandbox is not in sync with the Podfile.lock. Run 'pod install' or update your CocoaPods installation.\" >&2\n    exit 1\nfi\n# This output is used by Xcode 'outputs' to avoid re-running this script phase.\necho \"SUCCESS\" > \"${SCRIPT_OUTPUT_FILE_0}\"\n";
			showEnvVarsInLog = 0;
		};
		C6171822EBED70B9E5803A46 /* [CP] Embed Pods Frameworks */ = {
			isa = PBXShellScriptBuildPhase;
			buildActionMask = 2147483647;
			files = (
			);
			inputFileListPaths = (
				"${PODS_ROOT}/Target Support Files/Pods-repository-repositoryUITests/Pods-repository-repositoryUITests-frameworks-${CONFIGURATION}-input-files.xcfilelist",
			);
			name = "[CP] Embed Pods Frameworks";
			outputFileListPaths = (
				"${PODS_ROOT}/Target Support Files/Pods-repository-repositoryUITests/Pods-repository-repositoryUITests-frameworks-${CONFIGURATION}-output-files.xcfilelist",
			);
			runOnlyForDeploymentPostprocessing = 0;
			shellPath = /bin/sh;
			shellScript = "\"${PODS_ROOT}/Target Support Files/Pods-repository-repositoryUITests/Pods-repository-repositoryUITests-frameworks.sh\"\n";
			showEnvVarsInLog = 0;
		};
		E959FDCA7F83B605D74128BC /* [CP] Check Pods Manifest.lock */ = {
			isa = PBXShellScriptBuildPhase;
			buildActionMask = 2147483647;
			files = (
			);
			inputFileListPaths = (
			);
			inputPaths = (
				"${PODS_PODFILE_DIR_PATH}/Podfile.lock",
				"${PODS_ROOT}/Manifest.lock",
			);
			name = "[CP] Check Pods Manifest.lock";
			outputFileListPaths = (
			);
			outputPaths = (
				"$(DERIVED_FILE_DIR)/Pods-repositoryTests-checkManifestLockResult.txt",
			);
			runOnlyForDeploymentPostprocessing = 0;
			shellPath = /bin/sh;
			shellScript = "diff \"${PODS_PODFILE_DIR_PATH}/Podfile.lock\" \"${PODS_ROOT}/Manifest.lock\" > /dev/null\nif [ $? != 0 ] ; then\n    # print error to STDERR\n    echo \"error: The sandbox is not in sync with the Podfile.lock. Run 'pod install' or update your CocoaPods installation.\" >&2\n    exit 1\nfi\n# This output is used by Xcode 'outputs' to avoid re-running this script phase.\necho \"SUCCESS\" > \"${SCRIPT_OUTPUT_FILE_0}\"\n";
			showEnvVarsInLog = 0;
		};
/* End PBXShellScriptBuildPhase section */

/* Begin PBXSourcesBuildPhase section */
		9999BC3727255CB400FC938C /* Sources */ = {
			isa = PBXSourcesBuildPhase;
			buildActionMask = 2147483647;
			files = (
				9999BC772725605600FC938C /* PKRepository.swift in Sources */,
				9999BC862725681B00FC938C /* RepositoryService.swift in Sources */,
				9999BC4327255CB400FC938C /* ViewController.swift in Sources */,
				9999BC7F2725664600FC938C /* PKNetworkService.swift in Sources */,
				9999BC3F27255CB400FC938C /* AppDelegate.swift in Sources */,
				9999BCCD272578AE00FC938C /* PKRepositoryListCoordinator.swift in Sources */,
				9999BCC62725772800FC938C /* VIewController+Extensions.swift in Sources */,
				9999BC8C27256A8D00FC938C /* PKRepositoryServiceEndPoints.swift in Sources */,
				9999BC79272560B500FC938C /* PKRepositoryResponse.swift in Sources */,
				9999BCCF27257AB400FC938C /* PKRepositoryListViewModel.swift in Sources */,
				9999BC4127255CB400FC938C /* SceneDelegate.swift in Sources */,
				9999BCD227257C6800FC938C /* PKRepositoryListViewController.swift in Sources */,
				9999BCC92725779100FC938C /* PKRepositoryListProtocols.swift in Sources */,
				9999BC82272566C400FC938C /* PKNetworkError.swift in Sources */,
				9999BC7B2725619800FC938C /* PKCoordinator.swift in Sources */,
				9999BCCB2725784400FC938C /* PKRepositoryViewData.swift in Sources */,
				9999BC842725671800FC938C /* PKNetworkServiceConstants.swift in Sources */,
				9999BC7D272561BF00FC938C /* AppCoordinator.swift in Sources */,
			);
			runOnlyForDeploymentPostprocessing = 0;
		};
		9999BC4D27255CBA00FC938C /* Sources */ = {
			isa = PBXSourcesBuildPhase;
			buildActionMask = 2147483647;
			files = (
				9999BC5627255CBA00FC938C /* repositoryTests.swift in Sources */,
			);
			runOnlyForDeploymentPostprocessing = 0;
		};
		9999BC5727255CBA00FC938C /* Sources */ = {
			isa = PBXSourcesBuildPhase;
			buildActionMask = 2147483647;
			files = (
				9999BC6227255CBA00FC938C /* repositoryUITestsLaunchTests.swift in Sources */,
				9999BC6027255CBA00FC938C /* repositoryUITests.swift in Sources */,
			);
			runOnlyForDeploymentPostprocessing = 0;
		};
/* End PBXSourcesBuildPhase section */

/* Begin PBXTargetDependency section */
		9999BC5327255CBA00FC938C /* PBXTargetDependency */ = {
			isa = PBXTargetDependency;
			target = 9999BC3A27255CB400FC938C /* repository */;
			targetProxy = 9999BC5227255CBA00FC938C /* PBXContainerItemProxy */;
		};
		9999BC5D27255CBA00FC938C /* PBXTargetDependency */ = {
			isa = PBXTargetDependency;
			target = 9999BC3A27255CB400FC938C /* repository */;
			targetProxy = 9999BC5C27255CBA00FC938C /* PBXContainerItemProxy */;
		};
/* End PBXTargetDependency section */

/* Begin PBXVariantGroup section */
		9999BC4427255CB400FC938C /* Main.storyboard */ = {
			isa = PBXVariantGroup;
			children = (
				9999BC4527255CB400FC938C /* Base */,
			);
			name = Main.storyboard;
			sourceTree = "<group>";
		};
		9999BC4927255CBA00FC938C /* LaunchScreen.storyboard */ = {
			isa = PBXVariantGroup;
			children = (
				9999BC4A27255CBA00FC938C /* Base */,
			);
			name = LaunchScreen.storyboard;
			sourceTree = "<group>";
		};
/* End PBXVariantGroup section */

/* Begin XCBuildConfiguration section */
		9999BC6327255CBA00FC938C /* Debug */ = {
			isa = XCBuildConfiguration;
			buildSettings = {
				ALWAYS_SEARCH_USER_PATHS = NO;
				CLANG_ANALYZER_NONNULL = YES;
				CLANG_ANALYZER_NUMBER_OBJECT_CONVERSION = YES_AGGRESSIVE;
				CLANG_CXX_LANGUAGE_STANDARD = "gnu++17";
				CLANG_CXX_LIBRARY = "libc++";
				CLANG_ENABLE_MODULES = YES;
				CLANG_ENABLE_OBJC_ARC = YES;
				CLANG_ENABLE_OBJC_WEAK = YES;
				CLANG_WARN_BLOCK_CAPTURE_AUTORELEASING = YES;
				CLANG_WARN_BOOL_CONVERSION = YES;
				CLANG_WARN_COMMA = YES;
				CLANG_WARN_CONSTANT_CONVERSION = YES;
				CLANG_WARN_DEPRECATED_OBJC_IMPLEMENTATIONS = YES;
				CLANG_WARN_DIRECT_OBJC_ISA_USAGE = YES_ERROR;
				CLANG_WARN_DOCUMENTATION_COMMENTS = YES;
				CLANG_WARN_EMPTY_BODY = YES;
				CLANG_WARN_ENUM_CONVERSION = YES;
				CLANG_WARN_INFINITE_RECURSION = YES;
				CLANG_WARN_INT_CONVERSION = YES;
				CLANG_WARN_NON_LITERAL_NULL_CONVERSION = YES;
				CLANG_WARN_OBJC_IMPLICIT_RETAIN_SELF = YES;
				CLANG_WARN_OBJC_LITERAL_CONVERSION = YES;
				CLANG_WARN_OBJC_ROOT_CLASS = YES_ERROR;
				CLANG_WARN_QUOTED_INCLUDE_IN_FRAMEWORK_HEADER = YES;
				CLANG_WARN_RANGE_LOOP_ANALYSIS = YES;
				CLANG_WARN_STRICT_PROTOTYPES = YES;
				CLANG_WARN_SUSPICIOUS_MOVE = YES;
				CLANG_WARN_UNGUARDED_AVAILABILITY = YES_AGGRESSIVE;
				CLANG_WARN_UNREACHABLE_CODE = YES;
				CLANG_WARN__DUPLICATE_METHOD_MATCH = YES;
				COPY_PHASE_STRIP = NO;
				DEBUG_INFORMATION_FORMAT = dwarf;
				ENABLE_STRICT_OBJC_MSGSEND = YES;
				ENABLE_TESTABILITY = YES;
				GCC_C_LANGUAGE_STANDARD = gnu11;
				GCC_DYNAMIC_NO_PIC = NO;
				GCC_NO_COMMON_BLOCKS = YES;
				GCC_OPTIMIZATION_LEVEL = 0;
				GCC_PREPROCESSOR_DEFINITIONS = (
					"DEBUG=1",
					"$(inherited)",
				);
				GCC_WARN_64_TO_32_BIT_CONVERSION = YES;
				GCC_WARN_ABOUT_RETURN_TYPE = YES_ERROR;
				GCC_WARN_UNDECLARED_SELECTOR = YES;
				GCC_WARN_UNINITIALIZED_AUTOS = YES_AGGRESSIVE;
				GCC_WARN_UNUSED_FUNCTION = YES;
				GCC_WARN_UNUSED_VARIABLE = YES;
				IPHONEOS_DEPLOYMENT_TARGET = 15.0;
				MTL_ENABLE_DEBUG_INFO = INCLUDE_SOURCE;
				MTL_FAST_MATH = YES;
				ONLY_ACTIVE_ARCH = YES;
				SDKROOT = iphoneos;
				SWIFT_ACTIVE_COMPILATION_CONDITIONS = DEBUG;
				SWIFT_OPTIMIZATION_LEVEL = "-Onone";
			};
			name = Debug;
		};
		9999BC6427255CBA00FC938C /* Release */ = {
			isa = XCBuildConfiguration;
			buildSettings = {
				ALWAYS_SEARCH_USER_PATHS = NO;
				CLANG_ANALYZER_NONNULL = YES;
				CLANG_ANALYZER_NUMBER_OBJECT_CONVERSION = YES_AGGRESSIVE;
				CLANG_CXX_LANGUAGE_STANDARD = "gnu++17";
				CLANG_CXX_LIBRARY = "libc++";
				CLANG_ENABLE_MODULES = YES;
				CLANG_ENABLE_OBJC_ARC = YES;
				CLANG_ENABLE_OBJC_WEAK = YES;
				CLANG_WARN_BLOCK_CAPTURE_AUTORELEASING = YES;
				CLANG_WARN_BOOL_CONVERSION = YES;
				CLANG_WARN_COMMA = YES;
				CLANG_WARN_CONSTANT_CONVERSION = YES;
				CLANG_WARN_DEPRECATED_OBJC_IMPLEMENTATIONS = YES;
				CLANG_WARN_DIRECT_OBJC_ISA_USAGE = YES_ERROR;
				CLANG_WARN_DOCUMENTATION_COMMENTS = YES;
				CLANG_WARN_EMPTY_BODY = YES;
				CLANG_WARN_ENUM_CONVERSION = YES;
				CLANG_WARN_INFINITE_RECURSION = YES;
				CLANG_WARN_INT_CONVERSION = YES;
				CLANG_WARN_NON_LITERAL_NULL_CONVERSION = YES;
				CLANG_WARN_OBJC_IMPLICIT_RETAIN_SELF = YES;
				CLANG_WARN_OBJC_LITERAL_CONVERSION = YES;
				CLANG_WARN_OBJC_ROOT_CLASS = YES_ERROR;
				CLANG_WARN_QUOTED_INCLUDE_IN_FRAMEWORK_HEADER = YES;
				CLANG_WARN_RANGE_LOOP_ANALYSIS = YES;
				CLANG_WARN_STRICT_PROTOTYPES = YES;
				CLANG_WARN_SUSPICIOUS_MOVE = YES;
				CLANG_WARN_UNGUARDED_AVAILABILITY = YES_AGGRESSIVE;
				CLANG_WARN_UNREACHABLE_CODE = YES;
				CLANG_WARN__DUPLICATE_METHOD_MATCH = YES;
				COPY_PHASE_STRIP = NO;
				DEBUG_INFORMATION_FORMAT = "dwarf-with-dsym";
				ENABLE_NS_ASSERTIONS = NO;
				ENABLE_STRICT_OBJC_MSGSEND = YES;
				GCC_C_LANGUAGE_STANDARD = gnu11;
				GCC_NO_COMMON_BLOCKS = YES;
				GCC_WARN_64_TO_32_BIT_CONVERSION = YES;
				GCC_WARN_ABOUT_RETURN_TYPE = YES_ERROR;
				GCC_WARN_UNDECLARED_SELECTOR = YES;
				GCC_WARN_UNINITIALIZED_AUTOS = YES_AGGRESSIVE;
				GCC_WARN_UNUSED_FUNCTION = YES;
				GCC_WARN_UNUSED_VARIABLE = YES;
				IPHONEOS_DEPLOYMENT_TARGET = 15.0;
				MTL_ENABLE_DEBUG_INFO = NO;
				MTL_FAST_MATH = YES;
				SDKROOT = iphoneos;
				SWIFT_COMPILATION_MODE = wholemodule;
				SWIFT_OPTIMIZATION_LEVEL = "-O";
				VALIDATE_PRODUCT = YES;
			};
			name = Release;
		};
		9999BC6627255CBA00FC938C /* Debug */ = {
			isa = XCBuildConfiguration;
			baseConfigurationReference = C0419D9F7DE14E83963F10D3 /* Pods-repository.debug.xcconfig */;
			buildSettings = {
				ASSETCATALOG_COMPILER_APPICON_NAME = AppIcon;
				ASSETCATALOG_COMPILER_GLOBAL_ACCENT_COLOR_NAME = AccentColor;
				CODE_SIGN_STYLE = Automatic;
				CURRENT_PROJECT_VERSION = 1;
				DEVELOPMENT_TEAM = Z87722F955;
				GENERATE_INFOPLIST_FILE = YES;
				INFOPLIST_FILE = repository/Info.plist;
				INFOPLIST_KEY_UIApplicationSupportsIndirectInputEvents = YES;
				INFOPLIST_KEY_UILaunchStoryboardName = LaunchScreen;
				INFOPLIST_KEY_UISupportedInterfaceOrientations = UIInterfaceOrientationPortrait;
				INFOPLIST_KEY_UISupportedInterfaceOrientations_iPad = "UIInterfaceOrientationPortrait UIInterfaceOrientationPortraitUpsideDown UIInterfaceOrientationLandscapeLeft UIInterfaceOrientationLandscapeRight";
				INFOPLIST_KEY_UISupportedInterfaceOrientations_iPhone = "UIInterfaceOrientationPortrait UIInterfaceOrientationLandscapeLeft UIInterfaceOrientationLandscapeRight";
				LD_RUNPATH_SEARCH_PATHS = (
					"$(inherited)",
					"@executable_path/Frameworks",
				);
				MARKETING_VERSION = 1.0;
				PRODUCT_BUNDLE_IDENTIFIER = com.repository;
				PRODUCT_NAME = "$(TARGET_NAME)";
				SWIFT_EMIT_LOC_STRINGS = YES;
				SWIFT_VERSION = 5.0;
				TARGETED_DEVICE_FAMILY = "1,2";
			};
			name = Debug;
		};
		9999BC6727255CBA00FC938C /* Release */ = {
			isa = XCBuildConfiguration;
			baseConfigurationReference = 6CDFC96BEF1F7C1A64E14C3C /* Pods-repository.release.xcconfig */;
			buildSettings = {
				ASSETCATALOG_COMPILER_APPICON_NAME = AppIcon;
				ASSETCATALOG_COMPILER_GLOBAL_ACCENT_COLOR_NAME = AccentColor;
				CODE_SIGN_STYLE = Automatic;
				CURRENT_PROJECT_VERSION = 1;
				DEVELOPMENT_TEAM = Z87722F955;
				GENERATE_INFOPLIST_FILE = YES;
				INFOPLIST_FILE = repository/Info.plist;
				INFOPLIST_KEY_UIApplicationSupportsIndirectInputEvents = YES;
				INFOPLIST_KEY_UILaunchStoryboardName = LaunchScreen;
				INFOPLIST_KEY_UISupportedInterfaceOrientations = UIInterfaceOrientationPortrait;
				INFOPLIST_KEY_UISupportedInterfaceOrientations_iPad = "UIInterfaceOrientationPortrait UIInterfaceOrientationPortraitUpsideDown UIInterfaceOrientationLandscapeLeft UIInterfaceOrientationLandscapeRight";
				INFOPLIST_KEY_UISupportedInterfaceOrientations_iPhone = "UIInterfaceOrientationPortrait UIInterfaceOrientationLandscapeLeft UIInterfaceOrientationLandscapeRight";
				LD_RUNPATH_SEARCH_PATHS = (
					"$(inherited)",
					"@executable_path/Frameworks",
				);
				MARKETING_VERSION = 1.0;
				PRODUCT_BUNDLE_IDENTIFIER = com.repository;
				PRODUCT_NAME = "$(TARGET_NAME)";
				SWIFT_EMIT_LOC_STRINGS = YES;
				SWIFT_VERSION = 5.0;
				TARGETED_DEVICE_FAMILY = "1,2";
			};
			name = Release;
		};
		9999BC6927255CBA00FC938C /* Debug */ = {
			isa = XCBuildConfiguration;
			baseConfigurationReference = CD88B867EB7B17B9AC9813AF /* Pods-repositoryTests.debug.xcconfig */;
			buildSettings = {
				ALWAYS_EMBED_SWIFT_STANDARD_LIBRARIES = YES;
				BUNDLE_LOADER = "$(TEST_HOST)";
				CODE_SIGN_STYLE = Automatic;
				CURRENT_PROJECT_VERSION = 1;
				DEVELOPMENT_TEAM = Z87722F955;
				GENERATE_INFOPLIST_FILE = YES;
				IPHONEOS_DEPLOYMENT_TARGET = 15.0;
				LD_RUNPATH_SEARCH_PATHS = (
					"$(inherited)",
					"@executable_path/Frameworks",
					"@loader_path/Frameworks",
				);
				MARKETING_VERSION = 1.0;
				PRODUCT_BUNDLE_IDENTIFIER = com.repositoryTests;
				PRODUCT_NAME = "$(TARGET_NAME)";
				SWIFT_EMIT_LOC_STRINGS = NO;
				SWIFT_VERSION = 5.0;
				TARGETED_DEVICE_FAMILY = "1,2";
				TEST_HOST = "$(BUILT_PRODUCTS_DIR)/repository.app/repository";
			};
			name = Debug;
		};
		9999BC6A27255CBA00FC938C /* Release */ = {
			isa = XCBuildConfiguration;
			baseConfigurationReference = 87237C26FCB30446A60E7D87 /* Pods-repositoryTests.release.xcconfig */;
			buildSettings = {
				ALWAYS_EMBED_SWIFT_STANDARD_LIBRARIES = YES;
				BUNDLE_LOADER = "$(TEST_HOST)";
				CODE_SIGN_STYLE = Automatic;
				CURRENT_PROJECT_VERSION = 1;
				DEVELOPMENT_TEAM = Z87722F955;
				GENERATE_INFOPLIST_FILE = YES;
				IPHONEOS_DEPLOYMENT_TARGET = 15.0;
				LD_RUNPATH_SEARCH_PATHS = (
					"$(inherited)",
					"@executable_path/Frameworks",
					"@loader_path/Frameworks",
				);
				MARKETING_VERSION = 1.0;
				PRODUCT_BUNDLE_IDENTIFIER = com.repositoryTests;
				PRODUCT_NAME = "$(TARGET_NAME)";
				SWIFT_EMIT_LOC_STRINGS = NO;
				SWIFT_VERSION = 5.0;
				TARGETED_DEVICE_FAMILY = "1,2";
				TEST_HOST = "$(BUILT_PRODUCTS_DIR)/repository.app/repository";
			};
			name = Release;
		};
		9999BC6C27255CBA00FC938C /* Debug */ = {
			isa = XCBuildConfiguration;
			baseConfigurationReference = BED531B22BC689E6C48DDE60 /* Pods-repository-repositoryUITests.debug.xcconfig */;
			buildSettings = {
				ALWAYS_EMBED_SWIFT_STANDARD_LIBRARIES = YES;
				CODE_SIGN_STYLE = Automatic;
				CURRENT_PROJECT_VERSION = 1;
				DEVELOPMENT_TEAM = Z87722F955;
				GENERATE_INFOPLIST_FILE = YES;
				LD_RUNPATH_SEARCH_PATHS = (
					"$(inherited)",
					"@executable_path/Frameworks",
					"@loader_path/Frameworks",
				);
				MARKETING_VERSION = 1.0;
				PRODUCT_BUNDLE_IDENTIFIER = com.repositoryUITests;
				PRODUCT_NAME = "$(TARGET_NAME)";
				SWIFT_EMIT_LOC_STRINGS = NO;
				SWIFT_VERSION = 5.0;
				TARGETED_DEVICE_FAMILY = "1,2";
				TEST_TARGET_NAME = repository;
			};
			name = Debug;
		};
		9999BC6D27255CBA00FC938C /* Release */ = {
			isa = XCBuildConfiguration;
			baseConfigurationReference = CCFAD3F33DB5874BD9EAC845 /* Pods-repository-repositoryUITests.release.xcconfig */;
			buildSettings = {
				ALWAYS_EMBED_SWIFT_STANDARD_LIBRARIES = YES;
				CODE_SIGN_STYLE = Automatic;
				CURRENT_PROJECT_VERSION = 1;
				DEVELOPMENT_TEAM = Z87722F955;
				GENERATE_INFOPLIST_FILE = YES;
				LD_RUNPATH_SEARCH_PATHS = (
					"$(inherited)",
					"@executable_path/Frameworks",
					"@loader_path/Frameworks",
				);
				MARKETING_VERSION = 1.0;
				PRODUCT_BUNDLE_IDENTIFIER = com.repositoryUITests;
				PRODUCT_NAME = "$(TARGET_NAME)";
				SWIFT_EMIT_LOC_STRINGS = NO;
				SWIFT_VERSION = 5.0;
				TARGETED_DEVICE_FAMILY = "1,2";
				TEST_TARGET_NAME = repository;
			};
			name = Release;
		};
/* End XCBuildConfiguration section */

/* Begin XCConfigurationList section */
		9999BC3627255CB400FC938C /* Build configuration list for PBXProject "repository" */ = {
			isa = XCConfigurationList;
			buildConfigurations = (
				9999BC6327255CBA00FC938C /* Debug */,
				9999BC6427255CBA00FC938C /* Release */,
			);
			defaultConfigurationIsVisible = 0;
			defaultConfigurationName = Release;
		};
		9999BC6527255CBA00FC938C /* Build configuration list for PBXNativeTarget "repository" */ = {
			isa = XCConfigurationList;
			buildConfigurations = (
				9999BC6627255CBA00FC938C /* Debug */,
				9999BC6727255CBA00FC938C /* Release */,
			);
			defaultConfigurationIsVisible = 0;
			defaultConfigurationName = Release;
		};
		9999BC6827255CBA00FC938C /* Build configuration list for PBXNativeTarget "repositoryTests" */ = {
			isa = XCConfigurationList;
			buildConfigurations = (
				9999BC6927255CBA00FC938C /* Debug */,
				9999BC6A27255CBA00FC938C /* Release */,
			);
			defaultConfigurationIsVisible = 0;
			defaultConfigurationName = Release;
		};
		9999BC6B27255CBA00FC938C /* Build configuration list for PBXNativeTarget "repositoryUITests" */ = {
			isa = XCConfigurationList;
			buildConfigurations = (
				9999BC6C27255CBA00FC938C /* Debug */,
				9999BC6D27255CBA00FC938C /* Release */,
			);
			defaultConfigurationIsVisible = 0;
			defaultConfigurationName = Release;
		};
/* End XCConfigurationList section */
	};
	rootObject = 9999BC3327255CB400FC938C /* Project object */;
}
